
Microsoft Visual Studio Solution File, Format Version 12.00
# Visual Studio Version 17
VisualStudioVersion = 17.6.33801.468
MinimumVisualStudioVersion = 10.0.40219.1
Project("{FAE04EC0-301F-11D3-BF4B-00C04F79EFBC}") = "Restaurant_menù", "Restaurant_menù\Restaurant_menù.csproj", "{8272A38B-7C86-4782-8BB1-C34BF365BA20}"
EndProject
Global
	GlobalSection(SolutionConfigurationPlatforms) = preSolution
		Debug|Any CPU = Debug|Any CPU
		Release|Any CPU = Release|Any CPU
	EndGlobalSection
	GlobalSection(ProjectConfigurationPlatforms) = postSolution
		{8272A38B-7C86-4782-8BB1-C34BF365BA20}.Debug|Any CPU.ActiveCfg = Debug|Any CPU
		{8272A38B-7C86-4782-8BB1-C34BF365BA20}.Debug|Any CPU.Build.0 = Debug|Any CPU
		{8272A38B-7C86-4782-8BB1-C34BF365BA20}.Release|Any CPU.ActiveCfg = Release|Any CPU
		{8272A38B-7C86-4782-8BB1-C34BF365BA20}.Release|Any CPU.Build.0 = Release|Any CPU
	EndGlobalSection
	GlobalSection(SolutionProperties) = preSolution
		HideSolutionNode = FALSE
	EndGlobalSection
	GlobalSection(ExtensibilityGlobals) = postSolution
		SolutionGuid = {376A3C66-9198-4EEE-9CC9-8F87D68074E4}
	EndGlobalSection
EndGlobal
